
Microsoft Visual Studio Solution File, Format Version 12.00
# Visual Studio 14
VisualStudioVersion = 14.0.25420.1
MinimumVisualStudioVersion = 10.0.40219.1
Project("{F184B08F-C81C-45F6-A57F-5ABD9991F28F}") = "Greetings3", "Greetings3\Greetings3.vbproj", "{F215A227-06C6-4E1F-A5A2-4395DED10DEE}"
EndProject
Global
	GlobalSection(SolutionConfigurationPlatforms) = preSolution
		Debug|Any CPU = Debug|Any CPU
		Release|Any CPU = Release|Any CPU
	EndGlobalSection
	GlobalSection(ProjectConfigurationPlatforms) = postSolution
		{F215A227-06C6-4E1F-A5A2-4395DED10DEE}.Debug|Any CPU.ActiveCfg = Debug|Any CPU
		{F215A227-06C6-4E1F-A5A2-4395DED10DEE}.Debug|Any CPU.Build.0 = Debug|Any CPU
		{F215A227-06C6-4E1F-A5A2-4395DED10DEE}.Release|Any CPU.ActiveCfg = Release|Any CPU
		{F215A227-06C6-4E1F-A5A2-4395DED10DEE}.Release|Any CPU.Build.0 = Release|Any CPU
	EndGlobalSection
	GlobalSection(SolutionProperties) = preSolution
		HideSolutionNode = FALSE
	EndGlobalSection
EndGlobal
